github.com/go-redis/redis v6.15.6+incompatible h1:H9evprGPLI8+ci7fxQx6WNZHJSb7be8FqJQRhdQZ5Sg=
github.com/go-redis/redis v6.15.6+incompatible/go.mod h1:NAIEuMOZ/fxfXJIrKDQDz8wamY7mA7PouImQ2Jvg6kA=
github.com/golang/protobuf v1.3.2 h1:6nsPYzhq5kReh6QImI3k5qWzO4PEbvbIW2cwSfR/6xs=
github.com/golang/protobuf v1.3.2/go.mod h1:6lQm79b+lXiMfvg/cZm0SGofjICqVBUtrP5yJMmIC1U=
github.com/gorilla/websocket v1.4.1 h1:q7AeDBpnBk8AogcD4DSag/Ukw/KV+YhzLj2bP5HvKCM=
github.com/gorilla/websocket v1.4.1/go.mod h1:YR8l580nyteQvAITg2hZ9XVh4b55+EU/adAjf1fMHhE=
github.com/subiz/executor v1.0.1 h1:lLRo4lhPK1oAk4ubwDtZl1vrqypIVNGf3JhCwlDi+LQ=
github.com/subiz/executor v1.0.1/go.mod h1:7tWHbf/bVCFrA9fiK9rYa/Nv4TtdWbmEvHiWLRV44jo=
github.com/subiz/goredis v0.0.0-20190411063514-5b13aa98ebdd h1:dMQEziE1+Pua+qxhM0rDxsqOSSST3GAQ5UoEJxlGkCg=
github.com/subiz/goredis v0.0.0-20190411063514-5b13aa98ebdd/go.mod h1:Zc75Y0bHpL9hR55FBLFe12i/HDQ63MNKWFjzKhEoy0Q=
golang.org/x/crypto v0.0.0-20190308221718-c2843e01d9a2/go.mod h1:djNgcEr1/C05ACkg1iLfiJU5Ep61QUkGW8qpdssI0+w=
golang.org/x/net v0.0.0-20191119073136-fc4aabc6c914 h1:MlY3mEfbnWGmUi4rtHOtNnnnN4UJRGSyLPx+DXA5Sq4=
golang.org/x/net v0.0.0-20191119073136-fc4aabc6c914/go.mod h1:z5CRVTTTmAJ677TzLLGU+0bjPO0LkuOLi4/5GtJWs/s=
golang.org/x/sys v0.0.0-20190215142949-d0b11bdaac8a/go.mod h1:STP8DvDyc/dI5b8T5hshtkjS+E42TnysNCUPdjciGhY=
golang.org/x/text v0.3.0/go.mod h1:NqM8EUOU14njkJ3fqMW+pc6Ldnwhi/IjpwHt7yyuwOQ=
